# THIS IS AN AUTOGENERATED FILE. DO NOT EDIT THIS FILE DIRECTLY.
# yarn lockfile v1


"@fortawesome/fontawesome-free-webfonts@^1.0.9":
  version "1.0.9"
  resolved "https://registry.yarnpkg.com/@fortawesome/fontawesome-free-webfonts/-/fontawesome-free-webfonts-1.0.9.tgz#72f2c10453422aba0d338fa6a9cb761b50ba24d5"
  integrity sha512-nLgl6b6a+tXaoJJnSRw0hjN8cWM/Q5DhxKAwI9Xr0AiC43lQ2F98vQ1KLA6kw5OoYeAyisGGqmlwtBj0WqOI5Q==

devicons@1.8.0:
  version "1.8.0"
  resolved "https://registry.yarnpkg.com/devicons/-/devicons-1.8.0.tgz#df725a8b0ac2cce24c74b782c2f14f8b73832c2d"

reveal.js-menu@1.2.0:
  version "1.2.0"
  resolved "https://registry.yarnpkg.com/reveal.js-menu/-/reveal.js-menu-1.2.0.tgz#b8d8f060a25b933fad253ffb51012662e31b8c0d"
  integrity sha512-jOuMjakDx90GO01Z29Vq6MS3qogjML/qTA14werk/PDj9zpV5Pl0GRLwWq91b20vS1JgYi4sD1POd33deDQAQg==

reveal.js@^3.9.2:
  version "3.9.2"
  resolved "https://registry.yarnpkg.com/reveal.js/-/reveal.js-3.9.2.tgz#7f63d3dfec338b6c313dcabdf006e8cf80e0b358"
  integrity sha512-Dvv2oA9FrtOHE2DWj5js8pMRfwq++Wmvsn1EyAdYLC80lBjTphns+tPsB652Bnvep9AVviuVS/b4XoVY9rXHLA==

reveal_external@1.3.0:
  version "1.3.0"
  resolved "https://registry.yarnpkg.com/reveal_external/-/reveal_external-1.3.0.tgz#a0b574308a0ff30ce5ab7c9e60637d6ce292c6c8"
  integrity sha512-55RWavFwNjTYYlLkxVH4+P4VngoaN2qvoW69p1aHvS7Az47oehRlb2zetuUeYsAaiNFgjwWw07EODRxGgKXkYA==
